
Microsoft Visual Studio Solution File, Format Version 12.00
# Visual Studio Version 16
VisualStudioVersion = 16.0.30320.27
MinimumVisualStudioVersion = 10.0.40219.1
Project("{9A19103F-16F7-4668-BE54-9A1E7A4F7556}") = "1003", "1003\1003.csproj", "{1610FA93-5404-4AF1-B8F4-DC64635E5210}"
EndProject
Project("{9A19103F-16F7-4668-BE54-9A1E7A4F7556}") = "1004", "1004\1004.csproj", "{CCCB1D45-CA60-4B56-BBDC-EFA14DF20A2D}"
EndProject
Project("{9A19103F-16F7-4668-BE54-9A1E7A4F7556}") = "1005_1", "1005\1005_1.csproj", "{02930A1F-355C-493B-94A2-FD646BEDA58E}"
EndProject
Project("{9A19103F-16F7-4668-BE54-9A1E7A4F7556}") = "1005_2", "1005_2\1005_2.csproj", "{C3796B81-DEC5-4D72-B3CC-50645AB71D8E}"
EndProject
Project("{9A19103F-16F7-4668-BE54-9A1E7A4F7556}") = "1006", "1006\1006.csproj", "{466BC7E2-063E-44A2-A1B1-07CC36526A15}"
EndProject
Project("{9A19103F-16F7-4668-BE54-9A1E7A4F7556}") = "1007", "1007\1007.csproj", "{7FDB01DF-D76B-4819-AE00-C416880D4EEE}"
EndProject
Project("{8BC9CEB8-8B4A-11D0-8D11-00A0C91BC942}") = "1007_c", "1007_c\1007_c.vcxproj", "{FC4A6BF3-F248-4C38-B2D3-9417795AE036}"
EndProject
Project("{8BC9CEB8-8B4A-11D0-8D11-00A0C91BC942}") = "1008_c", "1008_c\1008_c.vcxproj", "{032AC5E8-E9E6-4678-91EC-806F82CBFDB4}"
EndProject
Project("{9A19103F-16F7-4668-BE54-9A1E7A4F7556}") = "1008", "1008\1008.csproj", "{4327C226-5410-4AA9-AD47-A404AFA82D4D}"
EndProject
Project("{9A19103F-16F7-4668-BE54-9A1E7A4F7556}") = "1009", "1009\1009.csproj", "{4258FC07-6A9C-4761-8CFE-421B7FFF4852}"
EndProject
Project("{9A19103F-16F7-4668-BE54-9A1E7A4F7556}") = "1010", "1010\1010.csproj", "{DF506088-C392-4428-B11F-2F0895ADB746}"
EndProject
Project("{8BC9CEB8-8B4A-11D0-8D11-00A0C91BC942}") = "1010_c", "1010_c\1010_c.vcxproj", "{3FD3E2B6-2DF5-4436-B737-B14416155ADD}"
EndProject
Project("{9A19103F-16F7-4668-BE54-9A1E7A4F7556}") = "1011", "1011\1011.csproj", "{590A72C5-90A4-4908-BC1A-0B99570255E1}"
EndProject
Project("{9A19103F-16F7-4668-BE54-9A1E7A4F7556}") = "1012", "1012\1012.csproj", "{DBB06580-6DBC-4831-BF44-E26506888541}"
EndProject
Project("{9A19103F-16F7-4668-BE54-9A1E7A4F7556}") = "1013", "1013\1013.csproj", "{71C852EC-70B5-495A-BE15-F012ED66D94A}"
EndProject
Project("{8BC9CEB8-8B4A-11D0-8D11-00A0C91BC942}") = "1013_c", "1013_c\1013_c.vcxproj", "{34F6D198-4C46-411B-ADD1-B4C5FFAFE935}"
EndProject
Project("{9A19103F-16F7-4668-BE54-9A1E7A4F7556}") = "1014", "1014\1014.csproj", "{907B9A0A-2286-4D3C-A02A-19FC3E729228}"
EndProject
Project("{8BC9CEB8-8B4A-11D0-8D11-00A0C91BC942}") = "1014_cpp", "1014_cpp\1014_cpp.vcxproj", "{9597C80C-E0D5-428A-BA31-34C8C0C39AE4}"
EndProject
Project("{FAE04EC0-301F-11D3-BF4B-00C04F79EFBC}") = "1015", "1015\1015.csproj", "{540CD705-EE58-4A6F-A8E6-032288EB39E0}"
EndProject
Global
	GlobalSection(SolutionConfigurationPlatforms) = preSolution
		Debug|Any CPU = Debug|Any CPU
		Debug|x64 = Debug|x64
		Debug|x86 = Debug|x86
		Release|Any CPU = Release|Any CPU
		Release|x64 = Release|x64
		Release|x86 = Release|x86
	EndGlobalSection
	GlobalSection(ProjectConfigurationPlatforms) = postSolution
		{1610FA93-5404-4AF1-B8F4-DC64635E5210}.Debug|Any CPU.ActiveCfg = Debug|Any CPU
		{1610FA93-5404-4AF1-B8F4-DC64635E5210}.Debug|Any CPU.Build.0 = Debug|Any CPU
		{1610FA93-5404-4AF1-B8F4-DC64635E5210}.Debug|x64.ActiveCfg = Debug|Any CPU
		{1610FA93-5404-4AF1-B8F4-DC64635E5210}.Debug|x64.Build.0 = Debug|Any CPU
		{1610FA93-5404-4AF1-B8F4-DC64635E5210}.Debug|x86.ActiveCfg = Debug|Any CPU
		{1610FA93-5404-4AF1-B8F4-DC64635E5210}.Debug|x86.Build.0 = Debug|Any CPU
		{1610FA93-5404-4AF1-B8F4-DC64635E5210}.Release|Any CPU.ActiveCfg = Release|Any CPU
		{1610FA93-5404-4AF1-B8F4-DC64635E5210}.Release|Any CPU.Build.0 = Release|Any CPU
		{1610FA93-5404-4AF1-B8F4-DC64635E5210}.Release|x64.ActiveCfg = Release|Any CPU
		{1610FA93-5404-4AF1-B8F4-DC64635E5210}.Release|x64.Build.0 = Release|Any CPU
		{1610FA93-5404-4AF1-B8F4-DC64635E5210}.Release|x86.ActiveCfg = Release|Any CPU
		{1610FA93-5404-4AF1-B8F4-DC64635E5210}.Release|x86.Build.0 = Release|Any CPU
		{CCCB1D45-CA60-4B56-BBDC-EFA14DF20A2D}.Debug|Any CPU.ActiveCfg = Debug|Any CPU
		{CCCB1D45-CA60-4B56-BBDC-EFA14DF20A2D}.Debug|Any CPU.Build.0 = Debug|Any CPU
		{CCCB1D45-CA60-4B56-BBDC-EFA14DF20A2D}.Debug|x64.ActiveCfg = Debug|Any CPU
		{CCCB1D45-CA60-4B56-BBDC-EFA14DF20A2D}.Debug|x64.Build.0 = Debug|Any CPU
		{CCCB1D45-CA60-4B56-BBDC-EFA14DF20A2D}.Debug|x86.ActiveCfg = Debug|Any CPU
		{CCCB1D45-CA60-4B56-BBDC-EFA14DF20A2D}.Debug|x86.Build.0 = Debug|Any CPU
		{CCCB1D45-CA60-4B56-BBDC-EFA14DF20A2D}.Release|Any CPU.ActiveCfg = Release|Any CPU
		{CCCB1D45-CA60-4B56-BBDC-EFA14DF20A2D}.Release|Any CPU.Build.0 = Release|Any CPU
		{CCCB1D45-CA60-4B56-BBDC-EFA14DF20A2D}.Release|x64.ActiveCfg = Release|Any CPU
		{CCCB1D45-CA60-4B56-BBDC-EFA14DF20A2D}.Release|x64.Build.0 = Release|Any CPU
		{CCCB1D45-CA60-4B56-BBDC-EFA14DF20A2D}.Release|x86.ActiveCfg = Release|Any CPU
		{CCCB1D45-CA60-4B56-BBDC-EFA14DF20A2D}.Release|x86.Build.0 = Release|Any CPU
		{02930A1F-355C-493B-94A2-FD646BEDA58E}.Debug|Any CPU.ActiveCfg = Debug|Any CPU
		{02930A1F-355C-493B-94A2-FD646BEDA58E}.Debug|Any CPU.Build.0 = Debug|Any CPU
		{02930A1F-355C-493B-94A2-FD646BEDA58E}.Debug|x64.ActiveCfg = Debug|Any CPU
		{02930A1F-355C-493B-94A2-FD646BEDA58E}.Debug|x64.Build.0 = Debug|Any CPU
		{02930A1F-355C-493B-94A2-FD646BEDA58E}.Debug|x86.ActiveCfg = Debug|Any CPU
		{02930A1F-355C-493B-94A2-FD646BEDA58E}.Debug|x86.Build.0 = Debug|Any CPU
		{02930A1F-355C-493B-94A2-FD646BEDA58E}.Release|Any CPU.ActiveCfg = Release|Any CPU
		{02930A1F-355C-493B-94A2-FD646BEDA58E}.Release|Any CPU.Build.0 = Release|Any CPU
		{02930A1F-355C-493B-94A2-FD646BEDA58E}.Release|x64.ActiveCfg = Release|Any CPU
		{02930A1F-355C-493B-94A2-FD646BEDA58E}.Release|x64.Build.0 = Release|Any CPU
		{02930A1F-355C-493B-94A2-FD646BEDA58E}.Release|x86.ActiveCfg = Release|Any CPU
		{02930A1F-355C-493B-94A2-FD646BEDA58E}.Release|x86.Build.0 = Release|Any CPU
		{C3796B81-DEC5-4D72-B3CC-50645AB71D8E}.Debug|Any CPU.ActiveCfg = Debug|Any CPU
		{C3796B81-DEC5-4D72-B3CC-50645AB71D8E}.Debug|Any CPU.Build.0 = Debug|Any CPU
		{C3796B81-DEC5-4D72-B3CC-50645AB71D8E}.Debug|x64.ActiveCfg = Debug|Any CPU
		{C3796B81-DEC5-4D72-B3CC-50645AB71D8E}.Debug|x64.Build.0 = Debug|Any CPU
		{C3796B81-DEC5-4D72-B3CC-50645AB71D8E}.Debug|x86.ActiveCfg = Debug|Any CPU
		{C3796B81-DEC5-4D72-B3CC-50645AB71D8E}.Debug|x86.Build.0 = Debug|Any CPU
		{C3796B81-DEC5-4D72-B3CC-50645AB71D8E}.Release|Any CPU.ActiveCfg = Release|Any CPU
		{C3796B81-DEC5-4D72-B3CC-50645AB71D8E}.Release|Any CPU.Build.0 = Release|Any CPU
		{C3796B81-DEC5-4D72-B3CC-50645AB71D8E}.Release|x64.ActiveCfg = Release|Any CPU
		{C3796B81-DEC5-4D72-B3CC-50645AB71D8E}.Release|x64.Build.0 = Release|Any CPU
		{C3796B81-DEC5-4D72-B3CC-50645AB71D8E}.Release|x86.ActiveCfg = Release|Any CPU
		{C3796B81-DEC5-4D72-B3CC-50645AB71D8E}.Release|x86.Build.0 = Release|Any CPU
		{466BC7E2-063E-44A2-A1B1-07CC36526A15}.Debug|Any CPU.ActiveCfg = Debug|Any CPU
		{466BC7E2-063E-44A2-A1B1-07CC36526A15}.Debug|Any CPU.Build.0 = Debug|Any CPU
		{466BC7E2-063E-44A2-A1B1-07CC36526A15}.Debug|x64.ActiveCfg = Debug|Any CPU
		{466BC7E2-063E-44A2-A1B1-07CC36526A15}.Debug|x64.Build.0 = Debug|Any CPU
		{466BC7E2-063E-44A2-A1B1-07CC36526A15}.Debug|x86.ActiveCfg = Debug|Any CPU
		{466BC7E2-063E-44A2-A1B1-07CC36526A15}.Debug|x86.Build.0 = Debug|Any CPU
		{466BC7E2-063E-44A2-A1B1-07CC36526A15}.Release|Any CPU.ActiveCfg = Release|Any CPU
		{466BC7E2-063E-44A2-A1B1-07CC36526A15}.Release|Any CPU.Build.0 = Release|Any CPU
		{466BC7E2-063E-44A2-A1B1-07CC36526A15}.Release|x64.ActiveCfg = Release|Any CPU
		{466BC7E2-063E-44A2-A1B1-07CC36526A15}.Release|x64.Build.0 = Release|Any CPU
		{466BC7E2-063E-44A2-A1B1-07CC36526A15}.Release|x86.ActiveCfg = Release|Any CPU
		{466BC7E2-063E-44A2-A1B1-07CC36526A15}.Release|x86.Build.0 = Release|Any CPU
		{7FDB01DF-D76B-4819-AE00-C416880D4EEE}.Debug|Any CPU.ActiveCfg = Debug|Any CPU
		{7FDB01DF-D76B-4819-AE00-C416880D4EEE}.Debug|Any CPU.Build.0 = Debug|Any CPU
		{7FDB01DF-D76B-4819-AE00-C416880D4EEE}.Debug|x64.ActiveCfg = Debug|Any CPU
		{7FDB01DF-D76B-4819-AE00-C416880D4EEE}.Debug|x64.Build.0 = Debug|Any CPU
		{7FDB01DF-D76B-4819-AE00-C416880D4EEE}.Debug|x86.ActiveCfg = Debug|Any CPU
		{7FDB01DF-D76B-4819-AE00-C416880D4EEE}.Debug|x86.Build.0 = Debug|Any CPU
		{7FDB01DF-D76B-4819-AE00-C416880D4EEE}.Release|Any CPU.ActiveCfg = Release|Any CPU
		{7FDB01DF-D76B-4819-AE00-C416880D4EEE}.Release|Any CPU.Build.0 = Release|Any CPU
		{7FDB01DF-D76B-4819-AE00-C416880D4EEE}.Release|x64.ActiveCfg = Release|Any CPU
		{7FDB01DF-D76B-4819-AE00-C416880D4EEE}.Release|x64.Build.0 = Release|Any CPU
		{7FDB01DF-D76B-4819-AE00-C416880D4EEE}.Release|x86.ActiveCfg = Release|Any CPU
		{7FDB01DF-D76B-4819-AE00-C416880D4EEE}.Release|x86.Build.0 = Release|Any CPU
		{FC4A6BF3-F248-4C38-B2D3-9417795AE036}.Debug|Any CPU.ActiveCfg = Debug|Win32
		{FC4A6BF3-F248-4C38-B2D3-9417795AE036}.Debug|x64.ActiveCfg = Debug|x64
		{FC4A6BF3-F248-4C38-B2D3-9417795AE036}.Debug|x64.Build.0 = Debug|x64
		{FC4A6BF3-F248-4C38-B2D3-9417795AE036}.Debug|x86.ActiveCfg = Debug|Win32
		{FC4A6BF3-F248-4C38-B2D3-9417795AE036}.Debug|x86.Build.0 = Debug|Win32
		{FC4A6BF3-F248-4C38-B2D3-9417795AE036}.Release|Any CPU.ActiveCfg = Release|Win32
		{FC4A6BF3-F248-4C38-B2D3-9417795AE036}.Release|x64.ActiveCfg = Release|x64
		{FC4A6BF3-F248-4C38-B2D3-9417795AE036}.Release|x64.Build.0 = Release|x64
		{FC4A6BF3-F248-4C38-B2D3-9417795AE036}.Release|x86.ActiveCfg = Release|Win32
		{FC4A6BF3-F248-4C38-B2D3-9417795AE036}.Release|x86.Build.0 = Release|Win32
		{032AC5E8-E9E6-4678-91EC-806F82CBFDB4}.Debug|Any CPU.ActiveCfg = Debug|Win32
		{032AC5E8-E9E6-4678-91EC-806F82CBFDB4}.Debug|x64.ActiveCfg = Debug|x64
		{032AC5E8-E9E6-4678-91EC-806F82CBFDB4}.Debug|x64.Build.0 = Debug|x64
		{032AC5E8-E9E6-4678-91EC-806F82CBFDB4}.Debug|x86.ActiveCfg = Debug|Win32
		{032AC5E8-E9E6-4678-91EC-806F82CBFDB4}.Debug|x86.Build.0 = Debug|Win32
		{032AC5E8-E9E6-4678-91EC-806F82CBFDB4}.Release|Any CPU.ActiveCfg = Release|Win32
		{032AC5E8-E9E6-4678-91EC-806F82CBFDB4}.Release|x64.ActiveCfg = Release|x64
		{032AC5E8-E9E6-4678-91EC-806F82CBFDB4}.Release|x64.Build.0 = Release|x64
		{032AC5E8-E9E6-4678-91EC-806F82CBFDB4}.Release|x86.ActiveCfg = Release|Win32
		{032AC5E8-E9E6-4678-91EC-806F82CBFDB4}.Release|x86.Build.0 = Release|Win32
		{4327C226-5410-4AA9-AD47-A404AFA82D4D}.Debug|Any CPU.ActiveCfg = Debug|Any CPU
		{4327C226-5410-4AA9-AD47-A404AFA82D4D}.Debug|Any CPU.Build.0 = Debug|Any CPU
		{4327C226-5410-4AA9-AD47-A404AFA82D4D}.Debug|x64.ActiveCfg = Debug|Any CPU
		{4327C226-5410-4AA9-AD47-A404AFA82D4D}.Debug|x64.Build.0 = Debug|Any CPU
		{4327C226-5410-4AA9-AD47-A404AFA82D4D}.Debug|x86.ActiveCfg = Debug|Any CPU
		{4327C226-5410-4AA9-AD47-A404AFA82D4D}.Debug|x86.Build.0 = Debug|Any CPU
		{4327C226-5410-4AA9-AD47-A404AFA82D4D}.Release|Any CPU.ActiveCfg = Release|Any CPU
		{4327C226-5410-4AA9-AD47-A404AFA82D4D}.Release|Any CPU.Build.0 = Release|Any CPU
		{4327C226-5410-4AA9-AD47-A404AFA82D4D}.Release|x64.ActiveCfg = Release|Any CPU
		{4327C226-5410-4AA9-AD47-A404AFA82D4D}.Release|x64.Build.0 = Release|Any CPU
		{4327C226-5410-4AA9-AD47-A404AFA82D4D}.Release|x86.ActiveCfg = Release|Any CPU
		{4327C226-5410-4AA9-AD47-A404AFA82D4D}.Release|x86.Build.0 = Release|Any CPU
		{4258FC07-6A9C-4761-8CFE-421B7FFF4852}.Debug|Any CPU.ActiveCfg = Debug|Any CPU
		{4258FC07-6A9C-4761-8CFE-421B7FFF4852}.Debug|Any CPU.Build.0 = Debug|Any CPU
		{4258FC07-6A9C-4761-8CFE-421B7FFF4852}.Debug|x64.ActiveCfg = Debug|Any CPU
		{4258FC07-6A9C-4761-8CFE-421B7FFF4852}.Debug|x64.Build.0 = Debug|Any CPU
		{4258FC07-6A9C-4761-8CFE-421B7FFF4852}.Debug|x86.ActiveCfg = Debug|Any CPU
		{4258FC07-6A9C-4761-8CFE-421B7FFF4852}.Debug|x86.Build.0 = Debug|Any CPU
		{4258FC07-6A9C-4761-8CFE-421B7FFF4852}.Release|Any CPU.ActiveCfg = Release|Any CPU
		{4258FC07-6A9C-4761-8CFE-421B7FFF4852}.Release|Any CPU.Build.0 = Release|Any CPU
		{4258FC07-6A9C-4761-8CFE-421B7FFF4852}.Release|x64.ActiveCfg = Release|Any CPU
		{4258FC07-6A9C-4761-8CFE-421B7FFF4852}.Release|x64.Build.0 = Release|Any CPU
		{4258FC07-6A9C-4761-8CFE-421B7FFF4852}.Release|x86.ActiveCfg = Release|Any CPU
		{4258FC07-6A9C-4761-8CFE-421B7FFF4852}.Release|x86.Build.0 = Release|Any CPU
		{DF506088-C392-4428-B11F-2F0895ADB746}.Debug|Any CPU.ActiveCfg = Debug|Any CPU
		{DF506088-C392-4428-B11F-2F0895ADB746}.Debug|Any CPU.Build.0 = Debug|Any CPU
		{DF506088-C392-4428-B11F-2F0895ADB746}.Debug|x64.ActiveCfg = Debug|Any CPU
		{DF506088-C392-4428-B11F-2F0895ADB746}.Debug|x64.Build.0 = Debug|Any CPU
		{DF506088-C392-4428-B11F-2F0895ADB746}.Debug|x86.ActiveCfg = Debug|Any CPU
		{DF506088-C392-4428-B11F-2F0895ADB746}.Debug|x86.Build.0 = Debug|Any CPU
		{DF506088-C392-4428-B11F-2F0895ADB746}.Release|Any CPU.ActiveCfg = Release|Any CPU
		{DF506088-C392-4428-B11F-2F0895ADB746}.Release|Any CPU.Build.0 = Release|Any CPU
		{DF506088-C392-4428-B11F-2F0895ADB746}.Release|x64.ActiveCfg = Release|Any CPU
		{DF506088-C392-4428-B11F-2F0895ADB746}.Release|x64.Build.0 = Release|Any CPU
		{DF506088-C392-4428-B11F-2F0895ADB746}.Release|x86.ActiveCfg = Release|Any CPU
		{DF506088-C392-4428-B11F-2F0895ADB746}.Release|x86.Build.0 = Release|Any CPU
		{3FD3E2B6-2DF5-4436-B737-B14416155ADD}.Debug|Any CPU.ActiveCfg = Debug|Win32
		{3FD3E2B6-2DF5-4436-B737-B14416155ADD}.Debug|x64.ActiveCfg = Debug|x64
		{3FD3E2B6-2DF5-4436-B737-B14416155ADD}.Debug|x64.Build.0 = Debug|x64
		{3FD3E2B6-2DF5-4436-B737-B14416155ADD}.Debug|x86.ActiveCfg = Debug|Win32
		{3FD3E2B6-2DF5-4436-B737-B14416155ADD}.Debug|x86.Build.0 = Debug|Win32
		{3FD3E2B6-2DF5-4436-B737-B14416155ADD}.Release|Any CPU.ActiveCfg = Release|Win32
		{3FD3E2B6-2DF5-4436-B737-B14416155ADD}.Release|x64.ActiveCfg = Release|x64
		{3FD3E2B6-2DF5-4436-B737-B14416155ADD}.Release|x64.Build.0 = Release|x64
		{3FD3E2B6-2DF5-4436-B737-B14416155ADD}.Release|x86.ActiveCfg = Release|Win32
		{3FD3E2B6-2DF5-4436-B737-B14416155ADD}.Release|x86.Build.0 = Release|Win32
		{590A72C5-90A4-4908-BC1A-0B99570255E1}.Debug|Any CPU.ActiveCfg = Debug|Any CPU
		{590A72C5-90A4-4908-BC1A-0B99570255E1}.Debug|Any CPU.Build.0 = Debug|Any CPU
		{590A72C5-90A4-4908-BC1A-0B99570255E1}.Debug|x64.ActiveCfg = Debug|Any CPU
		{590A72C5-90A4-4908-BC1A-0B99570255E1}.Debug|x64.Build.0 = Debug|Any CPU
		{590A72C5-90A4-4908-BC1A-0B99570255E1}.Debug|x86.ActiveCfg = Debug|Any CPU
		{590A72C5-90A4-4908-BC1A-0B99570255E1}.Debug|x86.Build.0 = Debug|Any CPU
		{590A72C5-90A4-4908-BC1A-0B99570255E1}.Release|Any CPU.ActiveCfg = Release|Any CPU
		{590A72C5-90A4-4908-BC1A-0B99570255E1}.Release|Any CPU.Build.0 = Release|Any CPU
		{590A72C5-90A4-4908-BC1A-0B99570255E1}.Release|x64.ActiveCfg = Release|Any CPU
		{590A72C5-90A4-4908-BC1A-0B99570255E1}.Release|x64.Build.0 = Release|Any CPU
		{590A72C5-90A4-4908-BC1A-0B99570255E1}.Release|x86.ActiveCfg = Release|Any CPU
		{590A72C5-90A4-4908-BC1A-0B99570255E1}.Release|x86.Build.0 = Release|Any CPU
		{DBB06580-6DBC-4831-BF44-E26506888541}.Debug|Any CPU.ActiveCfg = Debug|Any CPU
		{DBB06580-6DBC-4831-BF44-E26506888541}.Debug|Any CPU.Build.0 = Debug|Any CPU
		{DBB06580-6DBC-4831-BF44-E26506888541}.Debug|x64.ActiveCfg = Debug|Any CPU
		{DBB06580-6DBC-4831-BF44-E26506888541}.Debug|x64.Build.0 = Debug|Any CPU
		{DBB06580-6DBC-4831-BF44-E26506888541}.Debug|x86.ActiveCfg = Debug|Any CPU
		{DBB06580-6DBC-4831-BF44-E26506888541}.Debug|x86.Build.0 = Debug|Any CPU
		{DBB06580-6DBC-4831-BF44-E26506888541}.Release|Any CPU.ActiveCfg = Release|Any CPU
		{DBB06580-6DBC-4831-BF44-E26506888541}.Release|Any CPU.Build.0 = Release|Any CPU
		{DBB06580-6DBC-4831-BF44-E26506888541}.Release|x64.ActiveCfg = Release|Any CPU
		{DBB06580-6DBC-4831-BF44-E26506888541}.Release|x64.Build.0 = Release|Any CPU
		{DBB06580-6DBC-4831-BF44-E26506888541}.Release|x86.ActiveCfg = Release|Any CPU
		{DBB06580-6DBC-4831-BF44-E26506888541}.Release|x86.Build.0 = Release|Any CPU
		{71C852EC-70B5-495A-BE15-F012ED66D94A}.Debug|Any CPU.ActiveCfg = Debug|Any CPU
		{71C852EC-70B5-495A-BE15-F012ED66D94A}.Debug|Any CPU.Build.0 = Debug|Any CPU
		{71C852EC-70B5-495A-BE15-F012ED66D94A}.Debug|x64.ActiveCfg = Debug|Any CPU
		{71C852EC-70B5-495A-BE15-F012ED66D94A}.Debug|x64.Build.0 = Debug|Any CPU
		{71C852EC-70B5-495A-BE15-F012ED66D94A}.Debug|x86.ActiveCfg = Debug|Any CPU
		{71C852EC-70B5-495A-BE15-F012ED66D94A}.Debug|x86.Build.0 = Debug|Any CPU
		{71C852EC-70B5-495A-BE15-F012ED66D94A}.Release|Any CPU.ActiveCfg = Release|Any CPU
		{71C852EC-70B5-495A-BE15-F012ED66D94A}.Release|Any CPU.Build.0 = Release|Any CPU
		{71C852EC-70B5-495A-BE15-F012ED66D94A}.Release|x64.ActiveCfg = Release|Any CPU
		{71C852EC-70B5-495A-BE15-F012ED66D94A}.Release|x64.Build.0 = Release|Any CPU
		{71C852EC-70B5-495A-BE15-F012ED66D94A}.Release|x86.ActiveCfg = Release|Any CPU
		{71C852EC-70B5-495A-BE15-F012ED66D94A}.Release|x86.Build.0 = Release|Any CPU
		{34F6D198-4C46-411B-ADD1-B4C5FFAFE935}.Debug|Any CPU.ActiveCfg = Debug|Win32
		{34F6D198-4C46-411B-ADD1-B4C5FFAFE935}.Debug|x64.ActiveCfg = Debug|x64
		{34F6D198-4C46-411B-ADD1-B4C5FFAFE935}.Debug|x64.Build.0 = Debug|x64
		{34F6D198-4C46-411B-ADD1-B4C5FFAFE935}.Debug|x86.ActiveCfg = Debug|Win32
		{34F6D198-4C46-411B-ADD1-B4C5FFAFE935}.Debug|x86.Build.0 = Debug|Win32
		{34F6D198-4C46-411B-ADD1-B4C5FFAFE935}.Release|Any CPU.ActiveCfg = Release|Win32
		{34F6D198-4C46-411B-ADD1-B4C5FFAFE935}.Release|x64.ActiveCfg = Release|x64
		{34F6D198-4C46-411B-ADD1-B4C5FFAFE935}.Release|x64.Build.0 = Release|x64
		{34F6D198-4C46-411B-ADD1-B4C5FFAFE935}.Release|x86.ActiveCfg = Release|Win32
		{34F6D198-4C46-411B-ADD1-B4C5FFAFE935}.Release|x86.Build.0 = Release|Win32
		{907B9A0A-2286-4D3C-A02A-19FC3E729228}.Debug|Any CPU.ActiveCfg = Debug|Any CPU
		{907B9A0A-2286-4D3C-A02A-19FC3E729228}.Debug|Any CPU.Build.0 = Debug|Any CPU
		{907B9A0A-2286-4D3C-A02A-19FC3E729228}.Debug|x64.ActiveCfg = Debug|Any CPU
		{907B9A0A-2286-4D3C-A02A-19FC3E729228}.Debug|x64.Build.0 = Debug|Any CPU
		{907B9A0A-2286-4D3C-A02A-19FC3E729228}.Debug|x86.ActiveCfg = Debug|Any CPU
		{907B9A0A-2286-4D3C-A02A-19FC3E729228}.Debug|x86.Build.0 = Debug|Any CPU
		{907B9A0A-2286-4D3C-A02A-19FC3E729228}.Release|Any CPU.ActiveCfg = Release|Any CPU
		{907B9A0A-2286-4D3C-A02A-19FC3E729228}.Release|Any CPU.Build.0 = Release|Any CPU
		{907B9A0A-2286-4D3C-A02A-19FC3E729228}.Release|x64.ActiveCfg = Release|Any CPU
		{907B9A0A-2286-4D3C-A02A-19FC3E729228}.Release|x64.Build.0 = Release|Any CPU
		{907B9A0A-2286-4D3C-A02A-19FC3E729228}.Release|x86.ActiveCfg = Release|Any CPU
		{907B9A0A-2286-4D3C-A02A-19FC3E729228}.Release|x86.Build.0 = Release|Any CPU
		{9597C80C-E0D5-428A-BA31-34C8C0C39AE4}.Debug|Any CPU.ActiveCfg = Debug|Win32
		{9597C80C-E0D5-428A-BA31-34C8C0C39AE4}.Debug|x64.ActiveCfg = Debug|x64
		{9597C80C-E0D5-428A-BA31-34C8C0C39AE4}.Debug|x64.Build.0 = Debug|x64
		{9597C80C-E0D5-428A-BA31-34C8C0C39AE4}.Debug|x86.ActiveCfg = Debug|Win32
		{9597C80C-E0D5-428A-BA31-34C8C0C39AE4}.Debug|x86.Build.0 = Debug|Win32
		{9597C80C-E0D5-428A-BA31-34C8C0C39AE4}.Release|Any CPU.ActiveCfg = Release|Win32
		{9597C80C-E0D5-428A-BA31-34C8C0C39AE4}.Release|x64.ActiveCfg = Release|x64
		{9597C80C-E0D5-428A-BA31-34C8C0C39AE4}.Release|x64.Build.0 = Release|x64
		{9597C80C-E0D5-428A-BA31-34C8C0C39AE4}.Release|x86.ActiveCfg = Release|Win32
		{9597C80C-E0D5-428A-BA31-34C8C0C39AE4}.Release|x86.Build.0 = Release|Win32
		{540CD705-EE58-4A6F-A8E6-032288EB39E0}.Debug|Any CPU.ActiveCfg = Debug|Any CPU
		{540CD705-EE58-4A6F-A8E6-032288EB39E0}.Debug|Any CPU.Build.0 = Debug|Any CPU
		{540CD705-EE58-4A6F-A8E6-032288EB39E0}.Debug|x64.ActiveCfg = Debug|Any CPU
		{540CD705-EE58-4A6F-A8E6-032288EB39E0}.Debug|x64.Build.0 = Debug|Any CPU
		{540CD705-EE58-4A6F-A8E6-032288EB39E0}.Debug|x86.ActiveCfg = Debug|Any CPU
		{540CD705-EE58-4A6F-A8E6-032288EB39E0}.Debug|x86.Build.0 = Debug|Any CPU
		{540CD705-EE58-4A6F-A8E6-032288EB39E0}.Release|Any CPU.ActiveCfg = Release|Any CPU
		{540CD705-EE58-4A6F-A8E6-032288EB39E0}.Release|Any CPU.Build.0 = Release|Any CPU
		{540CD705-EE58-4A6F-A8E6-032288EB39E0}.Release|x64.ActiveCfg = Release|Any CPU
		{540CD705-EE58-4A6F-A8E6-032288EB39E0}.Release|x64.Build.0 = Release|Any CPU
		{540CD705-EE58-4A6F-A8E6-032288EB39E0}.Release|x86.ActiveCfg = Release|Any CPU
		{540CD705-EE58-4A6F-A8E6-032288EB39E0}.Release|x86.Build.0 = Release|Any CPU
	EndGlobalSection
	GlobalSection(SolutionProperties) = preSolution
		HideSolutionNode = FALSE
	EndGlobalSection
	GlobalSection(ExtensibilityGlobals) = postSolution
		SolutionGuid = {C0FDA3B8-7F86-4779-BF80-95A73D61191A}
	EndGlobalSection
EndGlobal
